
Microsoft Visual Studio Solution File, Format Version 12.00
# Visual Studio Version 17
VisualStudioVersion = 17.0.31903.59
MinimumVisualStudioVersion = 10.0.40219.1
Project("{FAE04EC0-301F-11D3-BF4B-00C04F79EFBC}") = "Api", "Api\Api.csproj", "{5821F8DA-FBAB-4D35-974D-B09C2539747A}"
EndProject
Project("{FAE04EC0-301F-11D3-BF4B-00C04F79EFBC}") = "Client", "Client\Client.csproj", "{09DC3483-F645-43B0-9B4A-570DA321E4D7}"
EndProject
Project("{FAE04EC0-301F-11D3-BF4B-00C04F79EFBC}") = "RefreshClient", "RefreshClient\RefreshClient.csproj", "{4F17C44C-76EF-4048-BC58-6F405EAF64FC}"
EndProject
Project("{FAE04EC0-301F-11D3-BF4B-00C04F79EFBC}") = "WebClient", "WebClient\WebClient.csproj", "{1905B09B-3C3D-47A4-83B0-A8F0AFB80FE3}"
EndProject
Global
	GlobalSection(SolutionConfigurationPlatforms) = preSolution
		Debug|Any CPU = Debug|Any CPU
		Debug|x64 = Debug|x64
		Debug|x86 = Debug|x86
		Release|Any CPU = Release|Any CPU
		Release|x64 = Release|x64
		Release|x86 = Release|x86
	EndGlobalSection
	GlobalSection(ProjectConfigurationPlatforms) = postSolution
		{5821F8DA-FBAB-4D35-974D-B09C2539747A}.Debug|Any CPU.ActiveCfg = Debug|Any CPU
		{5821F8DA-FBAB-4D35-974D-B09C2539747A}.Debug|Any CPU.Build.0 = Debug|Any CPU
		{5821F8DA-FBAB-4D35-974D-B09C2539747A}.Debug|x64.ActiveCfg = Debug|Any CPU
		{5821F8DA-FBAB-4D35-974D-B09C2539747A}.Debug|x64.Build.0 = Debug|Any CPU
		{5821F8DA-FBAB-4D35-974D-B09C2539747A}.Debug|x86.ActiveCfg = Debug|Any CPU
		{5821F8DA-FBAB-4D35-974D-B09C2539747A}.Debug|x86.Build.0 = Debug|Any CPU
		{5821F8DA-FBAB-4D35-974D-B09C2539747A}.Release|Any CPU.ActiveCfg = Release|Any CPU
		{5821F8DA-FBAB-4D35-974D-B09C2539747A}.Release|Any CPU.Build.0 = Release|Any CPU
		{5821F8DA-FBAB-4D35-974D-B09C2539747A}.Release|x64.ActiveCfg = Release|Any CPU
		{5821F8DA-FBAB-4D35-974D-B09C2539747A}.Release|x64.Build.0 = Release|Any CPU
		{5821F8DA-FBAB-4D35-974D-B09C2539747A}.Release|x86.ActiveCfg = Release|Any CPU
		{5821F8DA-FBAB-4D35-974D-B09C2539747A}.Release|x86.Build.0 = Release|Any CPU
		{09DC3483-F645-43B0-9B4A-570DA321E4D7}.Debug|Any CPU.ActiveCfg = Debug|Any CPU
		{09DC3483-F645-43B0-9B4A-570DA321E4D7}.Debug|Any CPU.Build.0 = Debug|Any CPU
		{09DC3483-F645-43B0-9B4A-570DA321E4D7}.Debug|x64.ActiveCfg = Debug|Any CPU
		{09DC3483-F645-43B0-9B4A-570DA321E4D7}.Debug|x64.Build.0 = Debug|Any CPU
		{09DC3483-F645-43B0-9B4A-570DA321E4D7}.Debug|x86.ActiveCfg = Debug|Any CPU
		{09DC3483-F645-43B0-9B4A-570DA321E4D7}.Debug|x86.Build.0 = Debug|Any CPU
		{09DC3483-F645-43B0-9B4A-570DA321E4D7}.Release|Any CPU.ActiveCfg = Release|Any CPU
		{09DC3483-F645-43B0-9B4A-570DA321E4D7}.Release|Any CPU.Build.0 = Release|Any CPU
		{09DC3483-F645-43B0-9B4A-570DA321E4D7}.Release|x64.ActiveCfg = Release|Any CPU
		{09DC3483-F645-43B0-9B4A-570DA321E4D7}.Release|x64.Build.0 = Release|Any CPU
		{09DC3483-F645-43B0-9B4A-570DA321E4D7}.Release|x86.ActiveCfg = Release|Any CPU
		{09DC3483-F645-43B0-9B4A-570DA321E4D7}.Release|x86.Build.0 = Release|Any CPU
		{4F17C44C-76EF-4048-BC58-6F405EAF64FC}.Debug|Any CPU.ActiveCfg = Debug|Any CPU
		{4F17C44C-76EF-4048-BC58-6F405EAF64FC}.Debug|Any CPU.Build.0 = Debug|Any CPU
		{4F17C44C-76EF-4048-BC58-6F405EAF64FC}.Debug|x64.ActiveCfg = Debug|Any CPU
		{4F17C44C-76EF-4048-BC58-6F405EAF64FC}.Debug|x64.Build.0 = Debug|Any CPU
		{4F17C44C-76EF-4048-BC58-6F405EAF64FC}.Debug|x86.ActiveCfg = Debug|Any CPU
		{4F17C44C-76EF-4048-BC58-6F405EAF64FC}.Debug|x86.Build.0 = Debug|Any CPU
		{4F17C44C-76EF-4048-BC58-6F405EAF64FC}.Release|Any CPU.ActiveCfg = Release|Any CPU
		{4F17C44C-76EF-4048-BC58-6F405EAF64FC}.Release|Any CPU.Build.0 = Release|Any CPU
		{4F17C44C-76EF-4048-BC58-6F405EAF64FC}.Release|x64.ActiveCfg = Release|Any CPU
		{4F17C44C-76EF-4048-BC58-6F405EAF64FC}.Release|x64.Build.0 = Release|Any CPU
		{4F17C44C-76EF-4048-BC58-6F405EAF64FC}.Release|x86.ActiveCfg = Release|Any CPU
		{4F17C44C-76EF-4048-BC58-6F405EAF64FC}.Release|x86.Build.0 = Release|Any CPU
		{1905B09B-3C3D-47A4-83B0-A8F0AFB80FE3}.Debug|Any CPU.ActiveCfg = Debug|Any CPU
		{1905B09B-3C3D-47A4-83B0-A8F0AFB80FE3}.Debug|Any CPU.Build.0 = Debug|Any CPU
		{1905B09B-3C3D-47A4-83B0-A8F0AFB80FE3}.Debug|x64.ActiveCfg = Debug|Any CPU
		{1905B09B-3C3D-47A4-83B0-A8F0AFB80FE3}.Debug|x64.Build.0 = Debug|Any CPU
		{1905B09B-3C3D-47A4-83B0-A8F0AFB80FE3}.Debug|x86.ActiveCfg = Debug|Any CPU
		{1905B09B-3C3D-47A4-83B0-A8F0AFB80FE3}.Debug|x86.Build.0 = Debug|Any CPU
		{1905B09B-3C3D-47A4-83B0-A8F0AFB80FE3}.Release|Any CPU.ActiveCfg = Release|Any CPU
		{1905B09B-3C3D-47A4-83B0-A8F0AFB80FE3}.Release|Any CPU.Build.0 = Release|Any CPU
		{1905B09B-3C3D-47A4-83B0-A8F0AFB80FE3}.Release|x64.ActiveCfg = Release|Any CPU
		{1905B09B-3C3D-47A4-83B0-A8F0AFB80FE3}.Release|x64.Build.0 = Release|Any CPU
		{1905B09B-3C3D-47A4-83B0-A8F0AFB80FE3}.Release|x86.ActiveCfg = Release|Any CPU
		{1905B09B-3C3D-47A4-83B0-A8F0AFB80FE3}.Release|x86.Build.0 = Release|Any CPU
	EndGlobalSection
	GlobalSection(SolutionProperties) = preSolution
		HideSolutionNode = FALSE
	EndGlobalSection
EndGlobal
